Microsoft Visual Studio Solution File, Format Version 11.00
# Visual Studio 2008

Project("{2FB5706C-DB6B-3263-34D9-BE9EA2CB018D}") = "my-crossy-road", "Assembly-CSharp.csproj", "{133BF839-6701-E63A-9201-E5A2A159E644}"
EndProject
Global
	GlobalSection(SolutionConfigurationPlatforms) = preSolution
		Debug|Any CPU = Debug|Any CPU
		Release|Any CPU = Release|Any CPU
	EndGlobalSection
	GlobalSection(ProjectConfigurationPlatforms) = postSolution
		{133BF839-6701-E63A-9201-E5A2A159E644}.Debug|Any CPU.ActiveCfg = Debug|Any CPU
		{133BF839-6701-E63A-9201-E5A2A159E644}.Debug|Any CPU.Build.0 = Debug|Any CPU
		{133BF839-6701-E63A-9201-E5A2A159E644}.Release|Any CPU.ActiveCfg = Release|Any CPU
		{133BF839-6701-E63A-9201-E5A2A159E644}.Release|Any CPU.Build.0 = Release|Any CPU
	EndGlobalSection
	GlobalSection(SolutionProperties) = preSolution
		HideSolutionNode = FALSE
	EndGlobalSection
	GlobalSection(MonoDevelopProperties) = preSolution
		StartupItem = Assembly-CSharp.csproj
	EndGlobalSection
EndGlobal
